
Microsoft Visual Studio Solution File, Format Version 12.00
# Visual Studio 15
VisualStudioVersion = 15.0.27130.2036
MinimumVisualStudioVersion = 10.0.40219.1
Project("{FAE04EC0-301F-11D3-BF4B-00C04F79EFBC}") = "LeerPaquetes10", "NSHW\LeerPaquetes10.csproj", "{C4830814-4B69-4040-BB47-46CED11A567B}"
EndProject
Global
	GlobalSection(SolutionConfigurationPlatforms) = preSolution
		Debug|Any CPU = Debug|Any CPU
		Release|Any CPU = Release|Any CPU
	EndGlobalSection
	GlobalSection(ProjectConfigurationPlatforms) = postSolution
		{C4830814-4B69-4040-BB47-46CED11A567B}.Debug|Any CPU.ActiveCfg = Debug|Any CPU
		{C4830814-4B69-4040-BB47-46CED11A567B}.Debug|Any CPU.Build.0 = Debug|Any CPU
		{C4830814-4B69-4040-BB47-46CED11A567B}.Release|Any CPU.ActiveCfg = Release|Any CPU
		{C4830814-4B69-4040-BB47-46CED11A567B}.Release|Any CPU.Build.0 = Release|Any CPU
	EndGlobalSection
	GlobalSection(SolutionProperties) = preSolution
		HideSolutionNode = FALSE
	EndGlobalSection
	GlobalSection(ExtensibilityGlobals) = postSolution
		SolutionGuid = {F92622EC-4249-46A0-AA93-A9F2B193E75E}
	EndGlobalSection
EndGlobal
